// !$*UTF8*$!
{
	archiveVersion = 1;
	classes = {
	};
	objectVersion = 56;
	objects = {

/* Begin PBXBuildFile section */
		5DDD41D22C21C6CA00205153 /* YouRead_iOSApp.swift in Sources */ = {isa = PBXBuildFile; fileRef = 5DDD41D12C21C6CA00205153 /* YouRead_iOSApp.swift */; };
		5DDD41D42C21C6CA00205153 /* HomeView.swift in Sources */ = {isa = PBXBuildFile; fileRef = 5DDD41D32C21C6CA00205153 /* HomeView.swift */; };
		5DDD41D62C21C6CC00205153 /* Assets.xcassets in Resources */ = {isa = PBXBuildFile; fileRef = 5DDD41D52C21C6CC00205153 /* Assets.xcassets */; };
		5DDD41D92C21C6CC00205153 /* Preview Assets.xcassets in Resources */ = {isa = PBXBuildFile; fileRef = 5DDD41D82C21C6CC00205153 /* Preview Assets.xcassets */; };
		5DDD41E12C21CD2B00205153 /* FirebaseAnalytics in Frameworks */ = {isa = PBXBuildFile; productRef = 5DDD41E02C21CD2B00205153 /* FirebaseAnalytics */; };
		5DDD41E32C21CD2B00205153 /* FirebaseAuth in Frameworks */ = {isa = PBXBuildFile; productRef = 5DDD41E22C21CD2B00205153 /* FirebaseAuth */; };
		5DDD41E52C21CD2B00205153 /* FirebaseFirestore in Frameworks */ = {isa = PBXBuildFile; productRef = 5DDD41E42C21CD2B00205153 /* FirebaseFirestore */; };
		5DDD41E72C21CD2B00205153 /* FirebaseStorage in Frameworks */ = {isa = PBXBuildFile; productRef = 5DDD41E62C21CD2B00205153 /* FirebaseStorage */; };
		5DDD41EF2C21CDFD00205153 /* BookCardView.swift in Sources */ = {isa = PBXBuildFile; fileRef = 5DDD41EC2C21CDFC00205153 /* BookCardView.swift */; };
		5DDD41F02C21CDFD00205153 /* CategoryView.swift in Sources */ = {isa = PBXBuildFile; fileRef = 5DDD41ED2C21CDFD00205153 /* CategoryView.swift */; };
		5DDD41F12C21CDFD00205153 /* CardView.swift in Sources */ = {isa = PBXBuildFile; fileRef = 5DDD41EE2C21CDFD00205153 /* CardView.swift */; };
		5DDD41F52C21CE0E00205153 /* PDFView.swift in Sources */ = {isa = PBXBuildFile; fileRef = 5DDD41F22C21CE0E00205153 /* PDFView.swift */; };
		5DDD41F62C21CE0E00205153 /* PDFViewRepresentable.swift in Sources */ = {isa = PBXBuildFile; fileRef = 5DDD41F32C21CE0E00205153 /* PDFViewRepresentable.swift */; };
		5DDD41F92C21CE1400205153 /* SummaryView.swift in Sources */ = {isa = PBXBuildFile; fileRef = 5DDD41F72C21CE1400205153 /* SummaryView.swift */; };
		5DDD41FC2C21CE2A00205153 /* BookModel.swift in Sources */ = {isa = PBXBuildFile; fileRef = 5DDD41FA2C21CE2A00205153 /* BookModel.swift */; };
		5DDD41FD2C21CE2A00205153 /* CategoryModel.swift in Sources */ = {isa = PBXBuildFile; fileRef = 5DDD41FB2C21CE2A00205153 /* CategoryModel.swift */; };
		5DDD41FF2C21CE3D00205153 /* CategoryViewModel.swift in Sources */ = {isa = PBXBuildFile; fileRef = 5DDD41FE2C21CE3D00205153 /* CategoryViewModel.swift */; };
		5DDD42012C21D1E600205153 /* GoogleService-Info.plist in Resources */ = {isa = PBXBuildFile; fileRef = 5DDD42002C21D1E600205153 /* GoogleService-Info.plist */; };
/* End PBXBuildFile section */

/* Begin PBXFileReference section */
		5DDD41CE2C21C6CA00205153 /* YouRead-iOS.app */ = {isa = PBXFileReference; explicitFileType = wrapper.application; includeInIndex = 0; path = "YouRead-iOS.app"; sourceTree = BUILT_PRODUCTS_DIR; };
		5DDD41D12C21C6CA00205153 /* YouRead_iOSApp.swift */ = {isa = PBXFileReference; lastKnownFileType = sourcecode.swift; path = YouRead_iOSApp.swift; sourceTree = "<group>"; };
		5DDD41D32C21C6CA00205153 /* HomeView.swift */ = {isa = PBXFileReference; lastKnownFileType = sourcecode.swift; path = HomeView.swift; sourceTree = "<group>"; };
		5DDD41D52C21C6CC00205153 /* Assets.xcassets */ = {isa = PBXFileReference; lastKnownFileType = folder.assetcatalog; path = Assets.xcassets; sourceTree = "<group>"; };
		5DDD41D82C21C6CC00205153 /* Preview Assets.xcassets */ = {isa = PBXFileReference; lastKnownFileType = folder.assetcatalog; path = "Preview Assets.xcassets"; sourceTree = "<group>"; };
		5DDD41EC2C21CDFC00205153 /* BookCardView.swift */ = {isa = PBXFileReference; fileEncoding = 4; lastKnownFileType = sourcecode.swift; path = BookCardView.swift; sourceTree = "<group>"; };
		5DDD41ED2C21CDFD00205153 /* CategoryView.swift */ = {isa = PBXFileReference; fileEncoding = 4; lastKnownFileType = sourcecode.swift; path = CategoryView.swift; sourceTree = "<group>"; };
		5DDD41EE2C21CDFD00205153 /* CardView.swift */ = {isa = PBXFileReference; fileEncoding = 4; lastKnownFileType = sourcecode.swift; path = CardView.swift; sourceTree = "<group>"; };
		5DDD41F22C21CE0E00205153 /* PDFView.swift */ = {isa = PBXFileReference; fileEncoding = 4; lastKnownFileType = sourcecode.swift; path = PDFView.swift; sourceTree = "<group>"; };
		5DDD41F32C21CE0E00205153 /* PDFViewRepresentable.swift */ = {isa = PBXFileReference; fileEncoding = 4; lastKnownFileType = sourcecode.swift; path = PDFViewRepresentable.swift; sourceTree = "<group>"; };
		5DDD41F72C21CE1400205153 /* SummaryView.swift */ = {isa = PBXFileReference; fileEncoding = 4; lastKnownFileType = sourcecode.swift; path = SummaryView.swift; sourceTree = "<group>"; };
		5DDD41FA2C21CE2A00205153 /* BookModel.swift */ = {isa = PBXFileReference; fileEncoding = 4; lastKnownFileType = sourcecode.swift; path = BookModel.swift; sourceTree = "<group>"; };
		5DDD41FB2C21CE2A00205153 /* CategoryModel.swift */ = {isa = PBXFileReference; fileEncoding = 4; lastKnownFileType = sourcecode.swift; path = CategoryModel.swift; sourceTree = "<group>"; };
		5DDD41FE2C21CE3D00205153 /* CategoryViewModel.swift */ = {isa = PBXFileReference; fileEncoding = 4; lastKnownFileType = sourcecode.swift; path = CategoryViewModel.swift; sourceTree = "<group>"; };
		5DDD42002C21D1E600205153 /* GoogleService-Info.plist */ = {isa = PBXFileReference; fileEncoding = 4; lastKnownFileType = text.plist.xml; path = "GoogleService-Info.plist"; sourceTree = "<group>"; };
/* End PBXFileReference section */

/* Begin PBXFrameworksBuildPhase section */
		5DDD41CB2C21C6CA00205153 /* Frameworks */ = {
			isa = PBXFrameworksBuildPhase;
			buildActionMask = 2147483647;
			files = (
				5DDD41E12C21CD2B00205153 /* FirebaseAnalytics in Frameworks */,
				5DDD41E72C21CD2B00205153 /* FirebaseStorage in Frameworks */,
				5DDD41E32C21CD2B00205153 /* FirebaseAuth in Frameworks */,
				5DDD41E52C21CD2B00205153 /* FirebaseFirestore in Frameworks */,
			);
			runOnlyForDeploymentPostprocessing = 0;
		};
/* End PBXFrameworksBuildPhase section */

/* Begin PBXGroup section */
		5DDD41C52C21C6CA00205153 = {
			isa = PBXGroup;
			children = (
				5DDD41D02C21C6CA00205153 /* YouRead-iOS */,
				5DDD41CF2C21C6CA00205153 /* Products */,
			);
			sourceTree = "<group>";
		};
		5DDD41CF2C21C6CA00205153 /* Products */ = {
			isa = PBXGroup;
			children = (
				5DDD41CE2C21C6CA00205153 /* YouRead-iOS.app */,
			);
			name = Products;
			sourceTree = "<group>";
		};
		5DDD41D02C21C6CA00205153 /* YouRead-iOS */ = {
			isa = PBXGroup;
			children = (
				5DDD42002C21D1E600205153 /* GoogleService-Info.plist */,
				5DDD41EA2C21CDC000205153 /* ViewModels */,
				5DDD41E92C21CDAA00205153 /* Models */,
				5DDD41E82C21CD9E00205153 /* Views */,
				5DDD41D12C21C6CA00205153 /* YouRead_iOSApp.swift */,
				5DDD41D52C21C6CC00205153 /* Assets.xcassets */,
				5DDD41D72C21C6CC00205153 /* Preview Content */,
			);
			path = "YouRead-iOS";
			sourceTree = "<group>";
		};
		5DDD41D72C21C6CC00205153 /* Preview Content */ = {
			isa = PBXGroup;
			children = (
				5DDD41D82C21C6CC00205153 /* Preview Assets.xcassets */,
			);
			path = "Preview Content";
			sourceTree = "<group>";
		};
		5DDD41E82C21CD9E00205153 /* Views */ = {
			isa = PBXGroup;
			children = (
				5DDD41EB2C21CDE100205153 /* HomeScreen */,
				5DDD41F82C21CE1400205153 /* SummaryScreen */,
				5DDD41F42C21CE0E00205153 /* PDFViewer */,
			);
			path = Views;
			sourceTree = "<group>";
		};
		5DDD41E92C21CDAA00205153 /* Models */ = {
			isa = PBXGroup;
			children = (
				5DDD41FA2C21CE2A00205153 /* BookModel.swift */,
				5DDD41FB2C21CE2A00205153 /* CategoryModel.swift */,
			);
			path = Models;
			sourceTree = "<group>";
		};
		5DDD41EA2C21CDC000205153 /* ViewModels */ = {
			isa = PBXGroup;
			children = (
				5DDD41FE2C21CE3D00205153 /* CategoryViewModel.swift */,
			);
			path = ViewModels;
			sourceTree = "<group>";
		};
		5DDD41EB2C21CDE100205153 /* HomeScreen */ = {
			isa = PBXGroup;
			children = (
				5DDD41D32C21C6CA00205153 /* HomeView.swift */,
				5DDD41EC2C21CDFC00205153 /* BookCardView.swift */,
				5DDD41EE2C21CDFD00205153 /* CardView.swift */,
				5DDD41ED2C21CDFD00205153 /* CategoryView.swift */,
			);
			path = HomeScreen;
			sourceTree = "<group>";
		};
		5DDD41F42C21CE0E00205153 /* PDFViewer */ = {
			isa = PBXGroup;
			children = (
				5DDD41F22C21CE0E00205153 /* PDFView.swift */,
				5DDD41F32C21CE0E00205153 /* PDFViewRepresentable.swift */,
			);
			path = PDFViewer;
			sourceTree = "<group>";
		};
		5DDD41F82C21CE1400205153 /* SummaryScreen */ = {
			isa = PBXGroup;
			children = (
				5DDD41F72C21CE1400205153 /* SummaryView.swift */,
			);
			path = SummaryScreen;
			sourceTree = "<group>";
		};
/* End PBXGroup section */

/* Begin PBXNativeTarget section */
		5DDD41CD2C21C6CA00205153 /* YouRead-iOS */ = {
			isa = PBXNativeTarget;
			buildConfigurationList = 5DDD41DC2C21C6CC00205153 /* Build configuration list for PBXNativeTarget "YouRead-iOS" */;
			buildPhases = (
				5DDD41CA2C21C6CA00205153 /* Sources */,
				5DDD41CB2C21C6CA00205153 /* Frameworks */,
				5DDD41CC2C21C6CA00205153 /* Resources */,
			);
			buildRules = (
			);
			dependencies = (
			);
			name = "YouRead-iOS";
			packageProductDependencies = (
				5DDD41E02C21CD2B00205153 /* FirebaseAnalytics */,
				5DDD41E22C21CD2B00205153 /* FirebaseAuth */,
				5DDD41E42C21CD2B00205153 /* FirebaseFirestore */,
				5DDD41E62C21CD2B00205153 /* FirebaseStorage */,
			);
			productName = "YouRead-iOS";
			productReference = 5DDD41CE2C21C6CA00205153 /* YouRead-iOS.app */;
			productType = "com.apple.product-type.application";
		};
/* End PBXNativeTarget section */

/* Begin PBXProject section */
		5DDD41C62C21C6CA00205153 /* Project object */ = {
			isa = PBXProject;
			attributes = {
				BuildIndependentTargetsInParallel = 1;
				LastSwiftUpdateCheck = 1540;
				LastUpgradeCheck = 1540;
				TargetAttributes = {
					5DDD41CD2C21C6CA00205153 = {
						CreatedOnToolsVersion = 15.4;
					};
				};
			};
			buildConfigurationList = 5DDD41C92C21C6CA00205153 /* Build configuration list for PBXProject "YouRead-iOS" */;
			compatibilityVersion = "Xcode 14.0";
			developmentRegion = en;
			hasScannedForEncodings = 0;
			knownRegions = (
				en,
				Base,
			);
			mainGroup = 5DDD41C52C21C6CA00205153;
			packageReferences = (
				5DDD41DF2C21CD2B00205153 /* XCRemoteSwiftPackageReference "firebase-ios-sdk" */,
			);
			productRefGroup = 5DDD41CF2C21C6CA00205153 /* Products */;
			projectDirPath = "";
			projectRoot = "";
			targets = (
				5DDD41CD2C21C6CA00205153 /* YouRead-iOS */,
			);
		};
/* End PBXProject section */

/* Begin PBXResourcesBuildPhase section */
		5DDD41CC2C21C6CA00205153 /* Resources */ = {
			isa = PBXResourcesBuildPhase;
			buildActionMask = 2147483647;
			files = (
				5DDD41D92C21C6CC00205153 /* Preview Assets.xcassets in Resources */,
				5DDD42012C21D1E600205153 /* GoogleService-Info.plist in Resources */,
				5DDD41D62C21C6CC00205153 /* Assets.xcassets in Resources */,
			);
			runOnlyForDeploymentPostprocessing = 0;
		};
/* End PBXResourcesBuildPhase section */

/* Begin PBXSourcesBuildPhase section */
		5DDD41CA2C21C6CA00205153 /* Sources */ = {
			isa = PBXSourcesBuildPhase;
			buildActionMask = 2147483647;
			files = (
				5DDD41D42C21C6CA00205153 /* HomeView.swift in Sources */,
				5DDD41EF2C21CDFD00205153 /* BookCardView.swift in Sources */,
				5DDD41F02C21CDFD00205153 /* CategoryView.swift in Sources */,
				5DDD41FF2C21CE3D00205153 /* CategoryViewModel.swift in Sources */,
				5DDD41FD2C21CE2A00205153 /* CategoryModel.swift in Sources */,
				5DDD41FC2C21CE2A00205153 /* BookModel.swift in Sources */,
				5DDD41F52C21CE0E00205153 /* PDFView.swift in Sources */,
				5DDD41D22C21C6CA00205153 /* YouRead_iOSApp.swift in Sources */,
				5DDD41F92C21CE1400205153 /* SummaryView.swift in Sources */,
				5DDD41F12C21CDFD00205153 /* CardView.swift in Sources */,
				5DDD41F62C21CE0E00205153 /* PDFViewRepresentable.swift in Sources */,
			);
			runOnlyForDeploymentPostprocessing = 0;
		};
/* End PBXSourcesBuildPhase section */

/* Begin XCBuildConfiguration section */
		5DDD41DA2C21C6CC00205153 /* Debug */ = {
			isa = XCBuildConfiguration;
			buildSettings = {
				ALWAYS_SEARCH_USER_PATHS = NO;
				ASSETCATALOG_COMPILER_GENERATE_SWIFT_ASSET_SYMBOL_EXTENSIONS = YES;
				CLANG_ANALYZER_NONNULL = YES;
				CLANG_ANALYZER_NUMBER_OBJECT_CONVERSION = YES_AGGRESSIVE;
				CLANG_CXX_LANGUAGE_STANDARD = "gnu++20";
				CLANG_ENABLE_MODULES = YES;
				CLANG_ENABLE_OBJC_ARC = YES;
				CLANG_ENABLE_OBJC_WEAK = YES;
				CLANG_WARN_BLOCK_CAPTURE_AUTORELEASING = YES;
				CLANG_WARN_BOOL_CONVERSION = YES;
				CLANG_WARN_COMMA = YES;
				CLANG_WARN_CONSTANT_CONVERSION = YES;
				CLANG_WARN_DEPRECATED_OBJC_IMPLEMENTATIONS = YES;
				CLANG_WARN_DIRECT_OBJC_ISA_USAGE = YES_ERROR;
				CLANG_WARN_DOCUMENTATION_COMMENTS = YES;
				CLANG_WARN_EMPTY_BODY = YES;
				CLANG_WARN_ENUM_CONVERSION = YES;
				CLANG_WARN_INFINITE_RECURSION = YES;
				CLANG_WARN_INT_CONVERSION = YES;
				CLANG_WARN_NON_LITERAL_NULL_CONVERSION = YES;
				CLANG_WARN_OBJC_IMPLICIT_RETAIN_SELF = YES;
				CLANG_WARN_OBJC_LITERAL_CONVERSION = YES;
				CLANG_WARN_OBJC_ROOT_CLASS = YES_ERROR;
				CLANG_WARN_QUOTED_INCLUDE_IN_FRAMEWORK_HEADER = YES;
				CLANG_WARN_RANGE_LOOP_ANALYSIS = YES;
				CLANG_WARN_STRICT_PROTOTYPES = YES;
				CLANG_WARN_SUSPICIOUS_MOVE = YES;
				CLANG_WARN_UNGUARDED_AVAILABILITY = YES_AGGRESSIVE;
				CLANG_WARN_UNREACHABLE_CODE = YES;
				CLANG_WARN__DUPLICATE_METHOD_MATCH = YES;
				COPY_PHASE_STRIP = NO;
				DEBUG_INFORMATION_FORMAT = dwarf;
				ENABLE_STRICT_OBJC_MSGSEND = YES;
				ENABLE_TESTABILITY = YES;
				ENABLE_USER_SCRIPT_SANDBOXING = YES;
				GCC_C_LANGUAGE_STANDARD = gnu17;
				GCC_DYNAMIC_NO_PIC = NO;
				GCC_NO_COMMON_BLOCKS = YES;
				GCC_OPTIMIZATION_LEVEL = 0;
				GCC_PREPROCESSOR_DEFINITIONS = (
					"DEBUG=1",
					"$(inherited)",
				);
				GCC_WARN_64_TO_32_BIT_CONVERSION = YES;
				GCC_WARN_ABOUT_RETURN_TYPE = YES_ERROR;
				GCC_WARN_UNDECLARED_SELECTOR = YES;
				GCC_WARN_UNINITIALIZED_AUTOS = YES_AGGRESSIVE;
				GCC_WARN_UNUSED_FUNCTION = YES;
				GCC_WARN_UNUSED_VARIABLE = YES;
				IPHONEOS_DEPLOYMENT_TARGET = 17.5;
				LOCALIZATION_PREFERS_STRING_CATALOGS = YES;
				MTL_ENABLE_DEBUG_INFO = INCLUDE_SOURCE;
				MTL_FAST_MATH = YES;
				ONLY_ACTIVE_ARCH = YES;
				SDKROOT = iphoneos;
				SWIFT_ACTIVE_COMPILATION_CONDITIONS = "DEBUG $(inherited)";
				SWIFT_OPTIMIZATION_LEVEL = "-Onone";
			};
			name = Debug;
		};
		5DDD41DB2C21C6CC00205153 /* Release */ = {
			isa = XCBuildConfiguration;
			buildSettings = {
				ALWAYS_SEARCH_USER_PATHS = NO;
				ASSETCATALOG_COMPILER_GENERATE_SWIFT_ASSET_SYMBOL_EXTENSIONS = YES;
				CLANG_ANALYZER_NONNULL = YES;
				CLANG_ANALYZER_NUMBER_OBJECT_CONVERSION = YES_AGGRESSIVE;
				CLANG_CXX_LANGUAGE_STANDARD = "gnu++20";
				CLANG_ENABLE_MODULES = YES;
				CLANG_ENABLE_OBJC_ARC = YES;
				CLANG_ENABLE_OBJC_WEAK = YES;
				CLANG_WARN_BLOCK_CAPTURE_AUTORELEASING = YES;
				CLANG_WARN_BOOL_CONVERSION = YES;
				CLANG_WARN_COMMA = YES;
				CLANG_WARN_CONSTANT_CONVERSION = YES;
				CLANG_WARN_DEPRECATED_OBJC_IMPLEMENTATIONS = YES;
				CLANG_WARN_DIRECT_OBJC_ISA_USAGE = YES_ERROR;
				CLANG_WARN_DOCUMENTATION_COMMENTS = YES;
				CLANG_WARN_EMPTY_BODY = YES;
				CLANG_WARN_ENUM_CONVERSION = YES;
				CLANG_WARN_INFINITE_RECURSION = YES;
				CLANG_WARN_INT_CONVERSION = YES;
				CLANG_WARN_NON_LITERAL_NULL_CONVERSION = YES;
				CLANG_WARN_OBJC_IMPLICIT_RETAIN_SELF = YES;
				CLANG_WARN_OBJC_LITERAL_CONVERSION = YES;
				CLANG_WARN_OBJC_ROOT_CLASS = YES_ERROR;
				CLANG_WARN_QUOTED_INCLUDE_IN_FRAMEWORK_HEADER = YES;
				CLANG_WARN_RANGE_LOOP_ANALYSIS = YES;
				CLANG_WARN_STRICT_PROTOTYPES = YES;
				CLANG_WARN_SUSPICIOUS_MOVE = YES;
				CLANG_WARN_UNGUARDED_AVAILABILITY = YES_AGGRESSIVE;
				CLANG_WARN_UNREACHABLE_CODE = YES;
				CLANG_WARN__DUPLICATE_METHOD_MATCH = YES;
				COPY_PHASE_STRIP = NO;
				DEBUG_INFORMATION_FORMAT = "dwarf-with-dsym";
				ENABLE_NS_ASSERTIONS = NO;
				ENABLE_STRICT_OBJC_MSGSEND = YES;
				ENABLE_USER_SCRIPT_SANDBOXING = YES;
				GCC_C_LANGUAGE_STANDARD = gnu17;
				GCC_NO_COMMON_BLOCKS = YES;
				GCC_WARN_64_TO_32_BIT_CONVERSION = YES;
				GCC_WARN_ABOUT_RETURN_TYPE = YES_ERROR;
				GCC_WARN_UNDECLARED_SELECTOR = YES;
				GCC_WARN_UNINITIALIZED_AUTOS = YES_AGGRESSIVE;
				GCC_WARN_UNUSED_FUNCTION = YES;
				GCC_WARN_UNUSED_VARIABLE = YES;
				IPHONEOS_DEPLOYMENT_TARGET = 17.5;
				LOCALIZATION_PREFERS_STRING_CATALOGS = YES;
				MTL_ENABLE_DEBUG_INFO = NO;
				MTL_FAST_MATH = YES;
				SDKROOT = iphoneos;
				SWIFT_COMPILATION_MODE = wholemodule;
				VALIDATE_PRODUCT = YES;
			};
			name = Release;
		};
		5DDD41DD2C21C6CC00205153 /* Debug */ = {
			isa = XCBuildConfiguration;
			buildSettings = {
				ASSETCATALOG_COMPILER_APPICON_NAME = AppIcon;
				ASSETCATALOG_COMPILER_GLOBAL_ACCENT_COLOR_NAME = AccentColor;
				CODE_SIGN_STYLE = Automatic;
				CURRENT_PROJECT_VERSION = 1;
				DEVELOPMENT_ASSET_PATHS = "\"YouRead-iOS/Preview Content\"";
				DEVELOPMENT_TEAM = GPA59YDZLV;
				ENABLE_PREVIEWS = YES;
				GENERATE_INFOPLIST_FILE = YES;
				INFOPLIST_KEY_UIApplicationSceneManifest_Generation = YES;
				INFOPLIST_KEY_UIApplicationSupportsIndirectInputEvents = YES;
				INFOPLIST_KEY_UILaunchScreen_Generation = YES;
				INFOPLIST_KEY_UISupportedInterfaceOrientations_iPad = "UIInterfaceOrientationPortrait UIInterfaceOrientationPortraitUpsideDown UIInterfaceOrientationLandscapeLeft UIInterfaceOrientationLandscapeRight";
				INFOPLIST_KEY_UISupportedInterfaceOrientations_iPhone = "UIInterfaceOrientationPortrait UIInterfaceOrientationLandscapeLeft UIInterfaceOrientationLandscapeRight";
				IPHONEOS_DEPLOYMENT_TARGET = 15.0;
				LD_RUNPATH_SEARCH_PATHS = (
					"$(inherited)",
					"@executable_path/Frameworks",
				);
				MARKETING_VERSION = 1.0;
				PRODUCT_BUNDLE_IDENTIFIER = "com.kiotech.YouRead-iOS";
				PRODUCT_NAME = "$(TARGET_NAME)";
				SWIFT_EMIT_LOC_STRINGS = YES;
				SWIFT_VERSION = 5.0;
				TARGETED_DEVICE_FAMILY = "1,2";
			};
			name = Debug;
		};
		5DDD41DE2C21C6CC00205153 /* Release */ = {
			isa = XCBuildConfiguration;
			buildSettings = {
				ASSETCATALOG_COMPILER_APPICON_NAME = AppIcon;
				ASSETCATALOG_COMPILER_GLOBAL_ACCENT_COLOR_NAME = AccentColor;
				CODE_SIGN_STYLE = Automatic;
				CURRENT_PROJECT_VERSION = 1;
				DEVELOPMENT_ASSET_PATHS = "\"YouRead-iOS/Preview Content\"";
				DEVELOPMENT_TEAM = GPA59YDZLV;
				ENABLE_PREVIEWS = YES;
				GENERATE_INFOPLIST_FILE = YES;
				INFOPLIST_KEY_UIApplicationSceneManifest_Generation = YES;
				INFOPLIST_KEY_UIApplicationSupportsIndirectInputEvents = YES;
				INFOPLIST_KEY_UILaunchScreen_Generation = YES;
				INFOPLIST_KEY_UISupportedInterfaceOrientations_iPad = "UIInterfaceOrientationPortrait UIInterfaceOrientationPortraitUpsideDown UIInterfaceOrientationLandscapeLeft UIInterfaceOrientationLandscapeRight";
				INFOPLIST_KEY_UISupportedInterfaceOrientations_iPhone = "UIInterfaceOrientationPortrait UIInterfaceOrientationLandscapeLeft UIInterfaceOrientationLandscapeRight";
				IPHONEOS_DEPLOYMENT_TARGET = 15.0;
				LD_RUNPATH_SEARCH_PATHS = (
					"$(inherited)",
					"@executable_path/Frameworks",
				);
				MARKETING_VERSION = 1.0;
				PRODUCT_BUNDLE_IDENTIFIER = "com.kiotech.YouRead-iOS";
				PRODUCT_NAME = "$(TARGET_NAME)";
				SWIFT_EMIT_LOC_STRINGS = YES;
				SWIFT_VERSION = 5.0;
				TARGETED_DEVICE_FAMILY = "1,2";
			};
			name = Release;
		};
/* End XCBuildConfiguration section */

/* Begin XCConfigurationList section */
		5DDD41C92C21C6CA00205153 /* Build configuration list for PBXProject "YouRead-iOS" */ = {
			isa = XCConfigurationList;
			buildConfigurations = (
				5DDD41DA2C21C6CC00205153 /* Debug */,
				5DDD41DB2C21C6CC00205153 /* Release */,
			);
			defaultConfigurationIsVisible = 0;
			defaultConfigurationName = Release;
		};
		5DDD41DC2C21C6CC00205153 /* Build configuration list for PBXNativeTarget "YouRead-iOS" */ = {
			isa = XCConfigurationList;
			buildConfigurations = (
				5DDD41DD2C21C6CC00205153 /* Debug */,
				5DDD41DE2C21C6CC00205153 /* Release */,
			);
			defaultConfigurationIsVisible = 0;
			defaultConfigurationName = Release;
		};
/* End XCConfigurationList section */

/* Begin XCRemoteSwiftPackageReference section */
		5DDD41DF2C21CD2B00205153 /* XCRemoteSwiftPackageReference "firebase-ios-sdk" */ = {
			isa = XCRemoteSwiftPackageReference;
			repositoryURL = "https://github.com/firebase/firebase-ios-sdk";
			requirement = {
				kind = upToNextMajorVersion;
				minimumVersion = 10.28.0;
			};
		};
/* End XCRemoteSwiftPackageReference section */

/* Begin XCSwiftPackageProductDependency section */
		5DDD41E02C21CD2B00205153 /* FirebaseAnalytics */ = {
			isa = XCSwiftPackageProductDependency;
			package = 5DDD41DF2C21CD2B00205153 /* XCRemoteSwiftPackageReference "firebase-ios-sdk" */;
			productName = FirebaseAnalytics;
		};
		5DDD41E22C21CD2B00205153 /* FirebaseAuth */ = {
			isa = XCSwiftPackageProductDependency;
			package = 5DDD41DF2C21CD2B00205153 /* XCRemoteSwiftPackageReference "firebase-ios-sdk" */;
			productName = FirebaseAuth;
		};
		5DDD41E42C21CD2B00205153 /* FirebaseFirestore */ = {
			isa = XCSwiftPackageProductDependency;
			package = 5DDD41DF2C21CD2B00205153 /* XCRemoteSwiftPackageReference "firebase-ios-sdk" */;
			productName = FirebaseFirestore;
		};
		5DDD41E62C21CD2B00205153 /* FirebaseStorage */ = {
			isa = XCSwiftPackageProductDependency;
			package = 5DDD41DF2C21CD2B00205153 /* XCRemoteSwiftPackageReference "firebase-ios-sdk" */;
			productName = FirebaseStorage;
		};
/* End XCSwiftPackageProductDependency section */
	};
	rootObject = 5DDD41C62C21C6CA00205153 /* Project object */;
}
